
Microsoft Visual Studio Solution File, Format Version 12.00
Project("{FAE04EC0-301F-11D3-BF4B-00C04F79EFBC}") = "Homework_09", "Homework_09\Homework_09.csproj", "{2AF0F8C9-0549-4C41-922E-138349F4910D}"
EndProject
Project("{FAE04EC0-301F-11D3-BF4B-00C04F79EFBC}") = "BotNew", "BotNew\BotNew.csproj", "{5652C917-67A6-4CBA-A9CF-FA96A5287730}"
EndProject
Global
	GlobalSection(SolutionConfigurationPlatforms) = preSolution
		Debug|Any CPU = Debug|Any CPU
		Release|Any CPU = Release|Any CPU
	EndGlobalSection
	GlobalSection(ProjectConfigurationPlatforms) = postSolution
		{2AF0F8C9-0549-4C41-922E-138349F4910D}.Debug|Any CPU.ActiveCfg = Debug|Any CPU
		{2AF0F8C9-0549-4C41-922E-138349F4910D}.Debug|Any CPU.Build.0 = Debug|Any CPU
		{2AF0F8C9-0549-4C41-922E-138349F4910D}.Release|Any CPU.ActiveCfg = Release|Any CPU
		{2AF0F8C9-0549-4C41-922E-138349F4910D}.Release|Any CPU.Build.0 = Release|Any CPU
		{5652C917-67A6-4CBA-A9CF-FA96A5287730}.Debug|Any CPU.ActiveCfg = Debug|Any CPU
		{5652C917-67A6-4CBA-A9CF-FA96A5287730}.Debug|Any CPU.Build.0 = Debug|Any CPU
		{5652C917-67A6-4CBA-A9CF-FA96A5287730}.Release|Any CPU.ActiveCfg = Release|Any CPU
		{5652C917-67A6-4CBA-A9CF-FA96A5287730}.Release|Any CPU.Build.0 = Release|Any CPU
	EndGlobalSection
EndGlobal
